
Microsoft Visual Studio Solution File, Format Version 12.00
# Visual Studio 15
VisualStudioVersion = 15.0.27428.2037
MinimumVisualStudioVersion = 10.0.40219.1
Project("{FAE04EC0-301F-11D3-BF4B-00C04F79EFBC}") = "ElectronicJournal", "ElectronicJournal\ElectronicJournal.csproj", "{19CF5915-8B55-438D-A802-368103CBC2BA}"
EndProject
Global
	GlobalSection(SolutionConfigurationPlatforms) = preSolution
		Debug|Any CPU = Debug|Any CPU
		Release|Any CPU = Release|Any CPU
	EndGlobalSection
	GlobalSection(ProjectConfigurationPlatforms) = postSolution
		{19CF5915-8B55-438D-A802-368103CBC2BA}.Debug|Any CPU.ActiveCfg = Debug|Any CPU
		{19CF5915-8B55-438D-A802-368103CBC2BA}.Debug|Any CPU.Build.0 = Debug|Any CPU
		{19CF5915-8B55-438D-A802-368103CBC2BA}.Release|Any CPU.ActiveCfg = Release|Any CPU
		{19CF5915-8B55-438D-A802-368103CBC2BA}.Release|Any CPU.Build.0 = Release|Any CPU
	EndGlobalSection
	GlobalSection(SolutionProperties) = preSolution
		HideSolutionNode = FALSE
	EndGlobalSection
	GlobalSection(ExtensibilityGlobals) = postSolution
		SolutionGuid = {617CCA3D-E6A2-4606-BA80-D4BBD1363A0E}
	EndGlobalSection
EndGlobal
